{
  "requires": true,
  "lockfileVersion": 1,
  "dependencies": {
    "apache-crypt": {
      "version": "1.2.4",
      "resolved": "https://registry.npmjs.org/apache-crypt/-/apache-crypt-1.2.4.tgz",
      "integrity": "sha512-Icze5ny5W5uv3xgMgl8U+iGmRCC0iIDrb2PVPuRBtL3Zy1Y5TMewXP1Vtc4r5X9eNNBEk7KYPu0Qby9m/PmcHg==",
      "requires": {
        "unix-crypt-td-js": "^1.1.4"
      }
    },
    "apache-md5": {
      "version": "1.1.5",
      "resolved": "https://registry.npmjs.org/apache-md5/-/apache-md5-1.1.5.tgz",
      "integrity": "sha512-sbLEIMQrkV7RkIruqTPXxeCMkAAycv4yzTkBzRgOR1BrR5UB7qZtupqxkersTJSf0HZ3sbaNRrNV80TnnM7cUw=="
    },
    "bcryptjs": {
      "version": "2.4.3",
      "resolved": "https://registry.npmjs.org/bcryptjs/-/bcryptjs-2.4.3.tgz",
      "integrity": "sha1-mrVie5PmBiH/fNrF2pczAn3x0Ms="
    },
    "http-auth": {
      "version": "4.1.5",
      "resolved": "https://registry.npmjs.org/http-auth/-/http-auth-4.1.5.tgz",
      "integrity": "sha512-FVzE7P4d9iIrkMPs0Nb8once1qjo1ki/C/pKLW9+ehdQQdbdHYGc+LpVzss5tRcKPkNrvnPmKZ8bygeYX9fdew==",
      "requires": {
        "apache-crypt": "^1.1.2",
        "apache-md5": "^1.0.6",
        "bcryptjs": "^2.4.3",
        "uuid": "^3.4.0"
      }
    },
    "unix-crypt-td-js": {
      "version": "1.1.4",
      "resolved": "https://registry.npmjs.org/unix-crypt-td-js/-/unix-crypt-td-js-1.1.4.tgz",
      "integrity": "sha512-8rMeVYWSIyccIJscb9NdCfZKSRBKYTeVnwmiRYT2ulE3qd1RaDQ0xQDP+rI3ccIWbhu/zuo5cgN8z73belNZgw=="
    },
    "uuid": {
      "version": "3.4.0",
      "resolved": "https://registry.npmjs.org/uuid/-/uuid-3.4.0.tgz",
      "integrity": "sha512-HjSDRw6gZE5JMggctHBcjVak08+KEVhSIiDzFnT9S9aegmp85S/bReBVTb4QTFaRNptJ9kuYaNhnbNEOkbKb/A=="
    }
  }
}
