
Microsoft Visual Studio Solution File, Format Version 12.00
# Visual Studio Version 16
VisualStudioVersion = 16.0.30907.101
MinimumVisualStudioVersion = 10.0.40219.1
Project("{FAE04EC0-301F-11D3-BF4B-00C04F79EFBC}") = "EP2021", "EP2021\EP2021.csproj", "{BD70AF1F-E42F-427B-BFB1-D62DAA674813}"
EndProject
Global
	GlobalSection(SolutionConfigurationPlatforms) = preSolution
		Debug|Any CPU = Debug|Any CPU
		Release|Any CPU = Release|Any CPU
	EndGlobalSection
	GlobalSection(ProjectConfigurationPlatforms) = postSolution
		{BD70AF1F-E42F-427B-BFB1-D62DAA674813}.Debug|Any CPU.ActiveCfg = Debug|Any CPU
		{BD70AF1F-E42F-427B-BFB1-D62DAA674813}.Debug|Any CPU.Build.0 = Debug|Any CPU
		{BD70AF1F-E42F-427B-BFB1-D62DAA674813}.Release|Any CPU.ActiveCfg = Release|Any CPU
		{BD70AF1F-E42F-427B-BFB1-D62DAA674813}.Release|Any CPU.Build.0 = Release|Any CPU
	EndGlobalSection
	GlobalSection(SolutionProperties) = preSolution
		HideSolutionNode = FALSE
	EndGlobalSection
	GlobalSection(ExtensibilityGlobals) = postSolution
		SolutionGuid = {1DFE6B65-8E53-477E-9028-F99662906E1F}
	EndGlobalSection
EndGlobal
