
Microsoft Visual Studio Solution File, Format Version 12.00
# Visual Studio Version 16
VisualStudioVersion = 16.0.31025.194
MinimumVisualStudioVersion = 10.0.40219.1
Project("{FAE04EC0-301F-11D3-BF4B-00C04F79EFBC}") = "pdf_generator", "pdf_generator\pdf_generator.csproj", "{A0AE68D9-E418-43BD-8441-BF46A2BF7817}"
EndProject
Global
	GlobalSection(SolutionConfigurationPlatforms) = preSolution
		Debug|Any CPU = Debug|Any CPU
		Release|Any CPU = Release|Any CPU
	EndGlobalSection
	GlobalSection(ProjectConfigurationPlatforms) = postSolution
		{A0AE68D9-E418-43BD-8441-BF46A2BF7817}.Debug|Any CPU.ActiveCfg = Debug|Any CPU
		{A0AE68D9-E418-43BD-8441-BF46A2BF7817}.Debug|Any CPU.Build.0 = Debug|Any CPU
		{A0AE68D9-E418-43BD-8441-BF46A2BF7817}.Release|Any CPU.ActiveCfg = Release|Any CPU
		{A0AE68D9-E418-43BD-8441-BF46A2BF7817}.Release|Any CPU.Build.0 = Release|Any CPU
	EndGlobalSection
	GlobalSection(SolutionProperties) = preSolution
		HideSolutionNode = FALSE
	EndGlobalSection
	GlobalSection(ExtensibilityGlobals) = postSolution
		SolutionGuid = {B99DC8B3-A8F4-493C-B60B-A4998F46A2C4}
	EndGlobalSection
EndGlobal
